
Microsoft Visual Studio Solution File, Format Version 12.00
# Visual Studio Version 17
VisualStudioVersion = 17.10.35013.160
MinimumVisualStudioVersion = 10.0.40219.1
Project("{9A19103F-16F7-4668-BE54-9A1E7A4F7556}") = "控制台应用", "控制台应用\控制台应用.csproj", "{11C0D84F-D7C5-45B3-9CB3-40C8545C7C47}"
EndProject
Project("{9A19103F-16F7-4668-BE54-9A1E7A4F7556}") = "随机数", "随机数\随机数.csproj", "{DB873AAC-3232-43FC-97A1-E218FA9BC700}"
EndProject
Project("{9A19103F-16F7-4668-BE54-9A1E7A4F7556}") = "Unity入门游戏小项目学习", "游戏小项目学习\Unity入门游戏小项目学习.csproj", "{CA659B71-D112-41C5-80E9-8CFD9293642A}"
EndProject
Project("{9A19103F-16F7-4668-BE54-9A1E7A4F7556}") = "围墙测试岱庙", "test1\围墙测试岱庙.csproj", "{0CDA35C9-9EAD-42BD-B143-D7FFF5BC85AF}"
EndProject
Project("{2150E333-8FDC-42A3-9474-1A3956D46DE8}") = "C#入门", "C#入门", "{856750C9-AD7D-4076-BCD3-DBCD21E8E944}"
EndProject
Global
	GlobalSection(SolutionConfigurationPlatforms) = preSolution
		Debug|Any CPU = Debug|Any CPU
		Release|Any CPU = Release|Any CPU
	EndGlobalSection
	GlobalSection(ProjectConfigurationPlatforms) = postSolution
		{11C0D84F-D7C5-45B3-9CB3-40C8545C7C47}.Debug|Any CPU.ActiveCfg = Debug|Any CPU
		{11C0D84F-D7C5-45B3-9CB3-40C8545C7C47}.Debug|Any CPU.Build.0 = Debug|Any CPU
		{11C0D84F-D7C5-45B3-9CB3-40C8545C7C47}.Release|Any CPU.ActiveCfg = Release|Any CPU
		{11C0D84F-D7C5-45B3-9CB3-40C8545C7C47}.Release|Any CPU.Build.0 = Release|Any CPU
		{DB873AAC-3232-43FC-97A1-E218FA9BC700}.Debug|Any CPU.ActiveCfg = Debug|Any CPU
		{DB873AAC-3232-43FC-97A1-E218FA9BC700}.Debug|Any CPU.Build.0 = Debug|Any CPU
		{DB873AAC-3232-43FC-97A1-E218FA9BC700}.Release|Any CPU.ActiveCfg = Release|Any CPU
		{DB873AAC-3232-43FC-97A1-E218FA9BC700}.Release|Any CPU.Build.0 = Release|Any CPU
		{CA659B71-D112-41C5-80E9-8CFD9293642A}.Debug|Any CPU.ActiveCfg = Debug|Any CPU
		{CA659B71-D112-41C5-80E9-8CFD9293642A}.Debug|Any CPU.Build.0 = Debug|Any CPU
		{CA659B71-D112-41C5-80E9-8CFD9293642A}.Release|Any CPU.ActiveCfg = Release|Any CPU
		{CA659B71-D112-41C5-80E9-8CFD9293642A}.Release|Any CPU.Build.0 = Release|Any CPU
		{0CDA35C9-9EAD-42BD-B143-D7FFF5BC85AF}.Debug|Any CPU.ActiveCfg = Debug|Any CPU
		{0CDA35C9-9EAD-42BD-B143-D7FFF5BC85AF}.Debug|Any CPU.Build.0 = Debug|Any CPU
		{0CDA35C9-9EAD-42BD-B143-D7FFF5BC85AF}.Release|Any CPU.ActiveCfg = Release|Any CPU
		{0CDA35C9-9EAD-42BD-B143-D7FFF5BC85AF}.Release|Any CPU.Build.0 = Release|Any CPU
	EndGlobalSection
	GlobalSection(SolutionProperties) = preSolution
		HideSolutionNode = FALSE
	EndGlobalSection
	GlobalSection(NestedProjects) = preSolution
		{11C0D84F-D7C5-45B3-9CB3-40C8545C7C47} = {856750C9-AD7D-4076-BCD3-DBCD21E8E944}
		{DB873AAC-3232-43FC-97A1-E218FA9BC700} = {856750C9-AD7D-4076-BCD3-DBCD21E8E944}
		{0CDA35C9-9EAD-42BD-B143-D7FFF5BC85AF} = {856750C9-AD7D-4076-BCD3-DBCD21E8E944}
	EndGlobalSection
	GlobalSection(ExtensibilityGlobals) = postSolution
		SolutionGuid = {44E6FB2D-4E66-46D4-AAB8-777255C06A69}
	EndGlobalSection
EndGlobal
