
Microsoft Visual Studio Solution File, Format Version 12.00
# Visual Studio Version 17
VisualStudioVersion = 17.10.35013.160
MinimumVisualStudioVersion = 10.0.40219.1
Project("{FAE04EC0-301F-11D3-BF4B-00C04F79EFBC}") = "C#核心实践项目练习", "C#核心实践项目练习.csproj", "{7F53800F-5693-4CC4-A933-AB32C6D91708}"
EndProject
Global
	GlobalSection(SolutionConfigurationPlatforms) = preSolution
		Debug|Any CPU = Debug|Any CPU
		Release|Any CPU = Release|Any CPU
	EndGlobalSection
	GlobalSection(ProjectConfigurationPlatforms) = postSolution
		{7F53800F-5693-4CC4-A933-AB32C6D91708}.Debug|Any CPU.ActiveCfg = Debug|Any CPU
		{7F53800F-5693-4CC4-A933-AB32C6D91708}.Debug|Any CPU.Build.0 = Debug|Any CPU
		{7F53800F-5693-4CC4-A933-AB32C6D91708}.Release|Any CPU.ActiveCfg = Release|Any CPU
		{7F53800F-5693-4CC4-A933-AB32C6D91708}.Release|Any CPU.Build.0 = Release|Any CPU
	EndGlobalSection
	GlobalSection(SolutionProperties) = preSolution
		HideSolutionNode = FALSE
	EndGlobalSection
	GlobalSection(ExtensibilityGlobals) = postSolution
		SolutionGuid = {0660E4A1-FEB0-4757-A5F0-941321B33804}
	EndGlobalSection
EndGlobal
