
Microsoft Visual Studio Solution File, Format Version 12.00
# Visual Studio Version 17
VisualStudioVersion = 17.10.35027.167
MinimumVisualStudioVersion = 10.0.40219.1
Project("{9A19103F-16F7-4668-BE54-9A1E7A4F7556}") = "1.ArrayList学习", "C#进阶学习\1.ArrayList学习.csproj", "{1F0FBDAB-F212-4BF4-BDA7-35DCCDE5BE38}"
EndProject
Project("{9A19103F-16F7-4668-BE54-9A1E7A4F7556}") = "2.stack", "2.stack\2.stack.csproj", "{9E32B478-C192-4099-A27A-D246C2A00C1C}"
EndProject
Project("{9A19103F-16F7-4668-BE54-9A1E7A4F7556}") = "3.Queue", "3.Queue\3.Queue.csproj", "{F6155019-E4DB-47F5-A081-A5267553A1B9}"
EndProject
Project("{9A19103F-16F7-4668-BE54-9A1E7A4F7556}") = "4.0HashTable学习", "4.0HashTable学习\4.0HashTable学习.csproj", "{1C537212-817E-4816-93A0-DA9F098A24CB}"
EndProject
Project("{9A19103F-16F7-4668-BE54-9A1E7A4F7556}") = "5.0泛型使用", "5.0泛型使用\5.0泛型使用.csproj", "{2CF0F32B-6520-4F4E-88F1-A1F2735EFA62}"
EndProject
Project("{9A19103F-16F7-4668-BE54-9A1E7A4F7556}") = "6.0泛型约束", "6.0泛型约束\6.0泛型约束.csproj", "{9619538D-5A8B-4BC4-9462-DE52DAC45DED}"
EndProject
Project("{9A19103F-16F7-4668-BE54-9A1E7A4F7556}") = "7.0 List的学习", "7.0 List的学习\7.0 List的学习.csproj", "{67BD719C-D978-4008-BA43-2DA3B9857F0B}"
EndProject
Project("{9A19103F-16F7-4668-BE54-9A1E7A4F7556}") = "8.0 Dictionary学习", "8.0 Dictionary学习\8.0 Dictionary学习.csproj", "{5D146B65-E68F-482A-9142-28D054CA1D43}"
EndProject
Project("{9A19103F-16F7-4668-BE54-9A1E7A4F7556}") = "9.00顺序存储和链式存储", "9.0顺序存储和链式存储\9.00顺序存储和链式存储.csproj", "{1E39EA32-3337-497C-B0E6-58565BEDE1E4}"
EndProject
Project("{9A19103F-16F7-4668-BE54-9A1E7A4F7556}") = "9.01 LinkedList学习", "9.01 LinkedList学习\9.01 LinkedList学习.csproj", "{5711E9DF-B003-43C3-A194-A33042EEE53B}"
EndProject
Project("{9A19103F-16F7-4668-BE54-9A1E7A4F7556}") = "9.02委托Delegate", "9.02委托Delegate\9.02委托Delegate.csproj", "{ECA602BE-8E85-4EB8-90B2-6CA7CF2F777D}"
EndProject
Project("{9A19103F-16F7-4668-BE54-9A1E7A4F7556}") = "9.03事件-与委托的差异", "9.03事件-与委托的差异\9.03事件-与委托的差异.csproj", "{18051408-87E0-400C-B47B-54C328E93AF2}"
EndProject
Project("{9A19103F-16F7-4668-BE54-9A1E7A4F7556}") = "9.04匿名函数", "9.04匿名函数\9.04匿名函数.csproj", "{C5F4BED1-037C-4000-9264-838BE530620B}"
EndProject
Project("{9A19103F-16F7-4668-BE54-9A1E7A4F7556}") = "9.05lambda表达式的学习", "9.05lambda表达式的学习\9.05lambda表达式的学习.csproj", "{6F700E41-777E-4536-9610-A5FD9268CEFD}"
EndProject
Project("{9A19103F-16F7-4668-BE54-9A1E7A4F7556}") = "9.06 list排序", "9.06 list排序\9.06 list排序.csproj", "{799579F5-B136-45E0-97E7-D3655FB12EBD}"
EndProject
Project("{9A19103F-16F7-4668-BE54-9A1E7A4F7556}") = "9.07协变和逆变", "9.07协变和逆变\9.07协变和逆变.csproj", "{0D32EC89-3452-4E8D-AED8-B52B5D16062B}"
EndProject
Project("{9A19103F-16F7-4668-BE54-9A1E7A4F7556}") = "9.08多线程", "9.08多线程\9.08多线程.csproj", "{D086D65F-67B7-497F-A6CB-4B5B911E1BCF}"
EndProject
Project("{9A19103F-16F7-4668-BE54-9A1E7A4F7556}") = "9.09预处理指令", "9.09预处理指令\9.09预处理指令.csproj", "{3B7D24B1-EEA6-4FB3-AEC5-AF888F66C8C7}"
EndProject
Project("{9A19103F-16F7-4668-BE54-9A1E7A4F7556}") = "9.10反射和关键类TYPE", "9.10反射和关键类TYPE\9.10反射和关键类TYPE.csproj", "{5072A651-8811-4CC3-9759-5D7ECCC4690A}"
EndProject
Project("{9A19103F-16F7-4668-BE54-9A1E7A4F7556}") = "0.01Type-PlayerClass", "0.01Type-PlayerClass\0.01Type-PlayerClass.csproj", "{B4268C50-43E4-485D-BC7E-E96C1B00ED63}"
EndProject
Project("{9A19103F-16F7-4668-BE54-9A1E7A4F7556}") = "9.11关键类Assembly和Activator", "9.11关键类Assembly和Activator\9.11关键类Assembly和Activator.csproj", "{0358629E-3683-4C50-8F1E-56E3F52CFCF7}"
EndProject
Project("{9A19103F-16F7-4668-BE54-9A1E7A4F7556}") = "9.12特性Attribute", "9.12特性Attribute\9.12特性Attribute.csproj", "{0B7870D4-7D24-43DF-95CD-42474ADDC559}"
EndProject
Project("{9A19103F-16F7-4668-BE54-9A1E7A4F7556}") = "9.13迭代器的学习", "9.13迭代器的学习\9.13迭代器的学习.csproj", "{D7D620A4-6ABF-48CD-BCE0-6E6F4F4B0F2F}"
EndProject
Project("{FAE04EC0-301F-11D3-BF4B-00C04F79EFBC}") = "9.14特殊语法的学习var等", "9.14特殊语法的学习var等\9.14特殊语法的学习var等.csproj", "{1A4BAE7B-7DCA-4D20-8C56-92AF94126B1A}"
EndProject
Project("{FAE04EC0-301F-11D3-BF4B-00C04F79EFBC}") = "9.15值和引用类型的加强学习", "9.15值和引用类型的加强学习\9.15值和引用类型的加强学习.csproj", "{40D49B8B-C926-4650-8482-728C510F6C69}"
EndProject
Global
	GlobalSection(SolutionConfigurationPlatforms) = preSolution
		Debug|Any CPU = Debug|Any CPU
		Release|Any CPU = Release|Any CPU
	EndGlobalSection
	GlobalSection(ProjectConfigurationPlatforms) = postSolution
		{1F0FBDAB-F212-4BF4-BDA7-35DCCDE5BE38}.Debug|Any CPU.ActiveCfg = Debug|Any CPU
		{1F0FBDAB-F212-4BF4-BDA7-35DCCDE5BE38}.Debug|Any CPU.Build.0 = Debug|Any CPU
		{1F0FBDAB-F212-4BF4-BDA7-35DCCDE5BE38}.Release|Any CPU.ActiveCfg = Release|Any CPU
		{1F0FBDAB-F212-4BF4-BDA7-35DCCDE5BE38}.Release|Any CPU.Build.0 = Release|Any CPU
		{9E32B478-C192-4099-A27A-D246C2A00C1C}.Debug|Any CPU.ActiveCfg = Debug|Any CPU
		{9E32B478-C192-4099-A27A-D246C2A00C1C}.Debug|Any CPU.Build.0 = Debug|Any CPU
		{9E32B478-C192-4099-A27A-D246C2A00C1C}.Release|Any CPU.ActiveCfg = Release|Any CPU
		{9E32B478-C192-4099-A27A-D246C2A00C1C}.Release|Any CPU.Build.0 = Release|Any CPU
		{F6155019-E4DB-47F5-A081-A5267553A1B9}.Debug|Any CPU.ActiveCfg = Debug|Any CPU
		{F6155019-E4DB-47F5-A081-A5267553A1B9}.Debug|Any CPU.Build.0 = Debug|Any CPU
		{F6155019-E4DB-47F5-A081-A5267553A1B9}.Release|Any CPU.ActiveCfg = Release|Any CPU
		{F6155019-E4DB-47F5-A081-A5267553A1B9}.Release|Any CPU.Build.0 = Release|Any CPU
		{1C537212-817E-4816-93A0-DA9F098A24CB}.Debug|Any CPU.ActiveCfg = Debug|Any CPU
		{1C537212-817E-4816-93A0-DA9F098A24CB}.Debug|Any CPU.Build.0 = Debug|Any CPU
		{1C537212-817E-4816-93A0-DA9F098A24CB}.Release|Any CPU.ActiveCfg = Release|Any CPU
		{1C537212-817E-4816-93A0-DA9F098A24CB}.Release|Any CPU.Build.0 = Release|Any CPU
		{2CF0F32B-6520-4F4E-88F1-A1F2735EFA62}.Debug|Any CPU.ActiveCfg = Debug|Any CPU
		{2CF0F32B-6520-4F4E-88F1-A1F2735EFA62}.Debug|Any CPU.Build.0 = Debug|Any CPU
		{2CF0F32B-6520-4F4E-88F1-A1F2735EFA62}.Release|Any CPU.ActiveCfg = Release|Any CPU
		{2CF0F32B-6520-4F4E-88F1-A1F2735EFA62}.Release|Any CPU.Build.0 = Release|Any CPU
		{9619538D-5A8B-4BC4-9462-DE52DAC45DED}.Debug|Any CPU.ActiveCfg = Debug|Any CPU
		{9619538D-5A8B-4BC4-9462-DE52DAC45DED}.Debug|Any CPU.Build.0 = Debug|Any CPU
		{9619538D-5A8B-4BC4-9462-DE52DAC45DED}.Release|Any CPU.ActiveCfg = Release|Any CPU
		{9619538D-5A8B-4BC4-9462-DE52DAC45DED}.Release|Any CPU.Build.0 = Release|Any CPU
		{67BD719C-D978-4008-BA43-2DA3B9857F0B}.Debug|Any CPU.ActiveCfg = Debug|Any CPU
		{67BD719C-D978-4008-BA43-2DA3B9857F0B}.Debug|Any CPU.Build.0 = Debug|Any CPU
		{67BD719C-D978-4008-BA43-2DA3B9857F0B}.Release|Any CPU.ActiveCfg = Release|Any CPU
		{67BD719C-D978-4008-BA43-2DA3B9857F0B}.Release|Any CPU.Build.0 = Release|Any CPU
		{5D146B65-E68F-482A-9142-28D054CA1D43}.Debug|Any CPU.ActiveCfg = Debug|Any CPU
		{5D146B65-E68F-482A-9142-28D054CA1D43}.Debug|Any CPU.Build.0 = Debug|Any CPU
		{5D146B65-E68F-482A-9142-28D054CA1D43}.Release|Any CPU.ActiveCfg = Release|Any CPU
		{5D146B65-E68F-482A-9142-28D054CA1D43}.Release|Any CPU.Build.0 = Release|Any CPU
		{1E39EA32-3337-497C-B0E6-58565BEDE1E4}.Debug|Any CPU.ActiveCfg = Debug|Any CPU
		{1E39EA32-3337-497C-B0E6-58565BEDE1E4}.Debug|Any CPU.Build.0 = Debug|Any CPU
		{1E39EA32-3337-497C-B0E6-58565BEDE1E4}.Release|Any CPU.ActiveCfg = Release|Any CPU
		{1E39EA32-3337-497C-B0E6-58565BEDE1E4}.Release|Any CPU.Build.0 = Release|Any CPU
		{5711E9DF-B003-43C3-A194-A33042EEE53B}.Debug|Any CPU.ActiveCfg = Debug|Any CPU
		{5711E9DF-B003-43C3-A194-A33042EEE53B}.Debug|Any CPU.Build.0 = Debug|Any CPU
		{5711E9DF-B003-43C3-A194-A33042EEE53B}.Release|Any CPU.ActiveCfg = Release|Any CPU
		{5711E9DF-B003-43C3-A194-A33042EEE53B}.Release|Any CPU.Build.0 = Release|Any CPU
		{ECA602BE-8E85-4EB8-90B2-6CA7CF2F777D}.Debug|Any CPU.ActiveCfg = Debug|Any CPU
		{ECA602BE-8E85-4EB8-90B2-6CA7CF2F777D}.Debug|Any CPU.Build.0 = Debug|Any CPU
		{ECA602BE-8E85-4EB8-90B2-6CA7CF2F777D}.Release|Any CPU.ActiveCfg = Release|Any CPU
		{ECA602BE-8E85-4EB8-90B2-6CA7CF2F777D}.Release|Any CPU.Build.0 = Release|Any CPU
		{18051408-87E0-400C-B47B-54C328E93AF2}.Debug|Any CPU.ActiveCfg = Debug|Any CPU
		{18051408-87E0-400C-B47B-54C328E93AF2}.Debug|Any CPU.Build.0 = Debug|Any CPU
		{18051408-87E0-400C-B47B-54C328E93AF2}.Release|Any CPU.ActiveCfg = Release|Any CPU
		{18051408-87E0-400C-B47B-54C328E93AF2}.Release|Any CPU.Build.0 = Release|Any CPU
		{C5F4BED1-037C-4000-9264-838BE530620B}.Debug|Any CPU.ActiveCfg = Debug|Any CPU
		{C5F4BED1-037C-4000-9264-838BE530620B}.Debug|Any CPU.Build.0 = Debug|Any CPU
		{C5F4BED1-037C-4000-9264-838BE530620B}.Release|Any CPU.ActiveCfg = Release|Any CPU
		{C5F4BED1-037C-4000-9264-838BE530620B}.Release|Any CPU.Build.0 = Release|Any CPU
		{6F700E41-777E-4536-9610-A5FD9268CEFD}.Debug|Any CPU.ActiveCfg = Debug|Any CPU
		{6F700E41-777E-4536-9610-A5FD9268CEFD}.Debug|Any CPU.Build.0 = Debug|Any CPU
		{6F700E41-777E-4536-9610-A5FD9268CEFD}.Release|Any CPU.ActiveCfg = Release|Any CPU
		{6F700E41-777E-4536-9610-A5FD9268CEFD}.Release|Any CPU.Build.0 = Release|Any CPU
		{799579F5-B136-45E0-97E7-D3655FB12EBD}.Debug|Any CPU.ActiveCfg = Debug|Any CPU
		{799579F5-B136-45E0-97E7-D3655FB12EBD}.Debug|Any CPU.Build.0 = Debug|Any CPU
		{799579F5-B136-45E0-97E7-D3655FB12EBD}.Release|Any CPU.ActiveCfg = Release|Any CPU
		{799579F5-B136-45E0-97E7-D3655FB12EBD}.Release|Any CPU.Build.0 = Release|Any CPU
		{0D32EC89-3452-4E8D-AED8-B52B5D16062B}.Debug|Any CPU.ActiveCfg = Debug|Any CPU
		{0D32EC89-3452-4E8D-AED8-B52B5D16062B}.Debug|Any CPU.Build.0 = Debug|Any CPU
		{0D32EC89-3452-4E8D-AED8-B52B5D16062B}.Release|Any CPU.ActiveCfg = Release|Any CPU
		{0D32EC89-3452-4E8D-AED8-B52B5D16062B}.Release|Any CPU.Build.0 = Release|Any CPU
		{D086D65F-67B7-497F-A6CB-4B5B911E1BCF}.Debug|Any CPU.ActiveCfg = Debug|Any CPU
		{D086D65F-67B7-497F-A6CB-4B5B911E1BCF}.Debug|Any CPU.Build.0 = Debug|Any CPU
		{D086D65F-67B7-497F-A6CB-4B5B911E1BCF}.Release|Any CPU.ActiveCfg = Release|Any CPU
		{D086D65F-67B7-497F-A6CB-4B5B911E1BCF}.Release|Any CPU.Build.0 = Release|Any CPU
		{3B7D24B1-EEA6-4FB3-AEC5-AF888F66C8C7}.Debug|Any CPU.ActiveCfg = Debug|Any CPU
		{3B7D24B1-EEA6-4FB3-AEC5-AF888F66C8C7}.Debug|Any CPU.Build.0 = Debug|Any CPU
		{3B7D24B1-EEA6-4FB3-AEC5-AF888F66C8C7}.Release|Any CPU.ActiveCfg = Release|Any CPU
		{3B7D24B1-EEA6-4FB3-AEC5-AF888F66C8C7}.Release|Any CPU.Build.0 = Release|Any CPU
		{5072A651-8811-4CC3-9759-5D7ECCC4690A}.Debug|Any CPU.ActiveCfg = Debug|Any CPU
		{5072A651-8811-4CC3-9759-5D7ECCC4690A}.Debug|Any CPU.Build.0 = Debug|Any CPU
		{5072A651-8811-4CC3-9759-5D7ECCC4690A}.Release|Any CPU.ActiveCfg = Release|Any CPU
		{5072A651-8811-4CC3-9759-5D7ECCC4690A}.Release|Any CPU.Build.0 = Release|Any CPU
		{B4268C50-43E4-485D-BC7E-E96C1B00ED63}.Debug|Any CPU.ActiveCfg = Debug|Any CPU
		{B4268C50-43E4-485D-BC7E-E96C1B00ED63}.Debug|Any CPU.Build.0 = Debug|Any CPU
		{B4268C50-43E4-485D-BC7E-E96C1B00ED63}.Release|Any CPU.ActiveCfg = Release|Any CPU
		{B4268C50-43E4-485D-BC7E-E96C1B00ED63}.Release|Any CPU.Build.0 = Release|Any CPU
		{0358629E-3683-4C50-8F1E-56E3F52CFCF7}.Debug|Any CPU.ActiveCfg = Debug|Any CPU
		{0358629E-3683-4C50-8F1E-56E3F52CFCF7}.Debug|Any CPU.Build.0 = Debug|Any CPU
		{0358629E-3683-4C50-8F1E-56E3F52CFCF7}.Release|Any CPU.ActiveCfg = Release|Any CPU
		{0358629E-3683-4C50-8F1E-56E3F52CFCF7}.Release|Any CPU.Build.0 = Release|Any CPU
		{0B7870D4-7D24-43DF-95CD-42474ADDC559}.Debug|Any CPU.ActiveCfg = Debug|Any CPU
		{0B7870D4-7D24-43DF-95CD-42474ADDC559}.Debug|Any CPU.Build.0 = Debug|Any CPU
		{0B7870D4-7D24-43DF-95CD-42474ADDC559}.Release|Any CPU.ActiveCfg = Release|Any CPU
		{0B7870D4-7D24-43DF-95CD-42474ADDC559}.Release|Any CPU.Build.0 = Release|Any CPU
		{D7D620A4-6ABF-48CD-BCE0-6E6F4F4B0F2F}.Debug|Any CPU.ActiveCfg = Debug|Any CPU
		{D7D620A4-6ABF-48CD-BCE0-6E6F4F4B0F2F}.Debug|Any CPU.Build.0 = Debug|Any CPU
		{D7D620A4-6ABF-48CD-BCE0-6E6F4F4B0F2F}.Release|Any CPU.ActiveCfg = Release|Any CPU
		{D7D620A4-6ABF-48CD-BCE0-6E6F4F4B0F2F}.Release|Any CPU.Build.0 = Release|Any CPU
		{1A4BAE7B-7DCA-4D20-8C56-92AF94126B1A}.Debug|Any CPU.ActiveCfg = Debug|Any CPU
		{1A4BAE7B-7DCA-4D20-8C56-92AF94126B1A}.Debug|Any CPU.Build.0 = Debug|Any CPU
		{1A4BAE7B-7DCA-4D20-8C56-92AF94126B1A}.Release|Any CPU.ActiveCfg = Release|Any CPU
		{1A4BAE7B-7DCA-4D20-8C56-92AF94126B1A}.Release|Any CPU.Build.0 = Release|Any CPU
		{40D49B8B-C926-4650-8482-728C510F6C69}.Debug|Any CPU.ActiveCfg = Debug|Any CPU
		{40D49B8B-C926-4650-8482-728C510F6C69}.Debug|Any CPU.Build.0 = Debug|Any CPU
		{40D49B8B-C926-4650-8482-728C510F6C69}.Release|Any CPU.ActiveCfg = Release|Any CPU
		{40D49B8B-C926-4650-8482-728C510F6C69}.Release|Any CPU.Build.0 = Release|Any CPU
	EndGlobalSection
	GlobalSection(SolutionProperties) = preSolution
		HideSolutionNode = FALSE
	EndGlobalSection
	GlobalSection(ExtensibilityGlobals) = postSolution
		SolutionGuid = {CADCC1A4-B403-41F5-B59F-385AC4A76653}
	EndGlobalSection
EndGlobal
